Microsoft Visual Studio Solution File, Format Version 12.00
# Visual Studio Version 17
VisualStudioVersion = 17.5.2.0
MinimumVisualStudioVersion = 10.0.40219.1
Project("{FAE04EC0-301F-11D3-BF4B-00C04F79EFBC}") = "RealEstateBackend", "RealEstateBackend\RealEstateBackend.csproj", "{BEF32897-11B1-DC7B-5C05-7145411BE20E}"
EndProject
Global
	GlobalSection(SolutionConfigurationPlatforms) = preSolution
		Debug|Any CPU = Debug|Any CPU
		Release|Any CPU = Release|Any CPU
	EndGlobalSection
	GlobalSection(ProjectConfigurationPlatforms) = postSolution
		{BEF32897-11B1-DC7B-5C05-7145411BE20E}.Debug|Any CPU.ActiveCfg = Debug|Any CPU
		{BEF32897-11B1-DC7B-5C05-7145411BE20E}.Debug|Any CPU.Build.0 = Debug|Any CPU
		{BEF32897-11B1-DC7B-5C05-7145411BE20E}.Release|Any CPU.ActiveCfg = Release|Any CPU
		{BEF32897-11B1-DC7B-5C05-7145411BE20E}.Release|Any CPU.Build.0 = Release|Any CPU
	EndGlobalSection
	GlobalSection(SolutionProperties) = preSolution
		HideSolutionNode = FALSE
	EndGlobalSection
	GlobalSection(ExtensibilityGlobals) = postSolution
		SolutionGuid = {E512D24A-C359-4154-959D-EE4B73E05A3B}
	EndGlobalSection
EndGlobal
